
Microsoft Visual Studio Solution File, Format Version 12.00
# Visual Studio Version 16
VisualStudioVersion = 16.0.32106.194
MinimumVisualStudioVersion = 10.0.40219.1
Project("{FAE04EC0-301F-11D3-BF4B-00C04F79EFBC}") = "MDIPaint", "MDIPaint\MDIPaint.csproj", "{BD054EA0-BCAA-434E-A913-0875492C87F9}"
EndProject
Global
	GlobalSection(SolutionConfigurationPlatforms) = preSolution
		Debug|Any CPU = Debug|Any CPU
		Release|Any CPU = Release|Any CPU
	EndGlobalSection
	GlobalSection(ProjectConfigurationPlatforms) = postSolution
		{BD054EA0-BCAA-434E-A913-0875492C87F9}.Debug|Any CPU.ActiveCfg = Debug|Any CPU
		{BD054EA0-BCAA-434E-A913-0875492C87F9}.Debug|Any CPU.Build.0 = Debug|Any CPU
		{BD054EA0-BCAA-434E-A913-0875492C87F9}.Release|Any CPU.ActiveCfg = Release|Any CPU
		{BD054EA0-BCAA-434E-A913-0875492C87F9}.Release|Any CPU.Build.0 = Release|Any CPU
	EndGlobalSection
	GlobalSection(SolutionProperties) = preSolution
		HideSolutionNode = FALSE
	EndGlobalSection
	GlobalSection(ExtensibilityGlobals) = postSolution
		SolutionGuid = {2DAC5C44-E868-4F9F-9969-08FD83DB6BA3}
	EndGlobalSection
EndGlobal
