
Microsoft Visual Studio Solution File, Format Version 12.00
# Visual Studio Version 16
VisualStudioVersion = 16.0.31205.134
MinimumVisualStudioVersion = 10.0.40219.1
Project("{FAE04EC0-301F-11D3-BF4B-00C04F79EFBC}") = "WindowsFormsApp3", "WindowsFormsApp3\WindowsFormsApp3.csproj", "{7327B029-89B1-4D21-907D-9CB1278949A5}"
EndProject
Global
	GlobalSection(SolutionConfigurationPlatforms) = preSolution
		Debug|Any CPU = Debug|Any CPU
		Release|Any CPU = Release|Any CPU
	EndGlobalSection
	GlobalSection(ProjectConfigurationPlatforms) = postSolution
		{7327B029-89B1-4D21-907D-9CB1278949A5}.Debug|Any CPU.ActiveCfg = Debug|Any CPU
		{7327B029-89B1-4D21-907D-9CB1278949A5}.Debug|Any CPU.Build.0 = Debug|Any CPU
		{7327B029-89B1-4D21-907D-9CB1278949A5}.Release|Any CPU.ActiveCfg = Release|Any CPU
		{7327B029-89B1-4D21-907D-9CB1278949A5}.Release|Any CPU.Build.0 = Release|Any CPU
	EndGlobalSection
	GlobalSection(SolutionProperties) = preSolution
		HideSolutionNode = FALSE
	EndGlobalSection
	GlobalSection(ExtensibilityGlobals) = postSolution
		SolutionGuid = {3C2A69A2-DFE1-4162-BACF-8CEE82D659FB}
	EndGlobalSection
EndGlobal
