
Microsoft Visual Studio Solution File, Format Version 12.00
# Visual Studio Version 16
VisualStudioVersion = 16.0.32106.194
MinimumVisualStudioVersion = 10.0.40219.1
Project("{FAE04EC0-301F-11D3-BF4B-00C04F79EFBC}") = "WindowsFormsApp4", "WindowsFormsApp4\WindowsFormsApp4.csproj", "{1BD7B485-8723-4758-907E-C922A6287D55}"
EndProject
Project("{FAE04EC0-301F-11D3-BF4B-00C04F79EFBC}") = "PluginInterface", "PluginInterface\PluginInterface.csproj", "{775F3550-1415-46DE-8E74-E3FCA05D833C}"
EndProject
Project("{FAE04EC0-301F-11D3-BF4B-00C04F79EFBC}") = "ClassLibrary1", "ClassLibrary1\ClassLibrary1.csproj", "{0B170396-3D44-468C-94D6-F1621C0C1AE0}"
EndProject
Global
	GlobalSection(SolutionConfigurationPlatforms) = preSolution
		Debug|Any CPU = Debug|Any CPU
		Release|Any CPU = Release|Any CPU
	EndGlobalSection
	GlobalSection(ProjectConfigurationPlatforms) = postSolution
		{1BD7B485-8723-4758-907E-C922A6287D55}.Debug|Any CPU.ActiveCfg = Debug|Any CPU
		{1BD7B485-8723-4758-907E-C922A6287D55}.Debug|Any CPU.Build.0 = Debug|Any CPU
		{1BD7B485-8723-4758-907E-C922A6287D55}.Release|Any CPU.ActiveCfg = Release|Any CPU
		{1BD7B485-8723-4758-907E-C922A6287D55}.Release|Any CPU.Build.0 = Release|Any CPU
		{775F3550-1415-46DE-8E74-E3FCA05D833C}.Debug|Any CPU.ActiveCfg = Debug|Any CPU
		{775F3550-1415-46DE-8E74-E3FCA05D833C}.Debug|Any CPU.Build.0 = Debug|Any CPU
		{775F3550-1415-46DE-8E74-E3FCA05D833C}.Release|Any CPU.ActiveCfg = Release|Any CPU
		{775F3550-1415-46DE-8E74-E3FCA05D833C}.Release|Any CPU.Build.0 = Release|Any CPU
		{0B170396-3D44-468C-94D6-F1621C0C1AE0}.Debug|Any CPU.ActiveCfg = Debug|Any CPU
		{0B170396-3D44-468C-94D6-F1621C0C1AE0}.Debug|Any CPU.Build.0 = Debug|Any CPU
		{0B170396-3D44-468C-94D6-F1621C0C1AE0}.Release|Any CPU.ActiveCfg = Release|Any CPU
		{0B170396-3D44-468C-94D6-F1621C0C1AE0}.Release|Any CPU.Build.0 = Release|Any CPU
	EndGlobalSection
	GlobalSection(SolutionProperties) = preSolution
		HideSolutionNode = FALSE
	EndGlobalSection
	GlobalSection(ExtensibilityGlobals) = postSolution
		SolutionGuid = {10007A05-1710-4C64-87FC-CE30FC37DDA9}
	EndGlobalSection
EndGlobal
