
Microsoft Visual Studio Solution File, Format Version 12.00
# Visual Studio Version 16
VisualStudioVersion = 16.0.32106.194
MinimumVisualStudioVersion = 10.0.40219.1
Project("{FAE04EC0-301F-11D3-BF4B-00C04F79EFBC}") = "WindowsFormsApp2", "WindowsFormsApp2\WindowsFormsApp2.csproj", "{8C402491-D413-4EA5-89E2-8FB868D316FD}"
EndProject
Global
	GlobalSection(SolutionConfigurationPlatforms) = preSolution
		Debug|Any CPU = Debug|Any CPU
		Release|Any CPU = Release|Any CPU
	EndGlobalSection
	GlobalSection(ProjectConfigurationPlatforms) = postSolution
		{8C402491-D413-4EA5-89E2-8FB868D316FD}.Debug|Any CPU.ActiveCfg = Debug|Any CPU
		{8C402491-D413-4EA5-89E2-8FB868D316FD}.Debug|Any CPU.Build.0 = Debug|Any CPU
		{8C402491-D413-4EA5-89E2-8FB868D316FD}.Release|Any CPU.ActiveCfg = Release|Any CPU
		{8C402491-D413-4EA5-89E2-8FB868D316FD}.Release|Any CPU.Build.0 = Release|Any CPU
	EndGlobalSection
	GlobalSection(SolutionProperties) = preSolution
		HideSolutionNode = FALSE
	EndGlobalSection
	GlobalSection(ExtensibilityGlobals) = postSolution
		SolutionGuid = {59D4FCC2-170C-4C03-9AA4-AD02164F3AE5}
	EndGlobalSection
EndGlobal
