
Microsoft Visual Studio Solution File, Format Version 12.00
# Visual Studio Version 16
VisualStudioVersion = 16.0.32106.194
MinimumVisualStudioVersion = 10.0.40219.1
Project("{FAE04EC0-301F-11D3-BF4B-00C04F79EFBC}") = "WindowsFormsApp1", "WindowsFormsApp1\WindowsFormsApp1.csproj", "{992F35A3-88A5-45D2-A84F-B2CC1A68F988}"
EndProject
Global
	GlobalSection(SolutionConfigurationPlatforms) = preSolution
		Debug|Any CPU = Debug|Any CPU
		Release|Any CPU = Release|Any CPU
	EndGlobalSection
	GlobalSection(ProjectConfigurationPlatforms) = postSolution
		{992F35A3-88A5-45D2-A84F-B2CC1A68F988}.Debug|Any CPU.ActiveCfg = Debug|Any CPU
		{992F35A3-88A5-45D2-A84F-B2CC1A68F988}.Debug|Any CPU.Build.0 = Debug|Any CPU
		{992F35A3-88A5-45D2-A84F-B2CC1A68F988}.Release|Any CPU.ActiveCfg = Release|Any CPU
		{992F35A3-88A5-45D2-A84F-B2CC1A68F988}.Release|Any CPU.Build.0 = Release|Any CPU
	EndGlobalSection
	GlobalSection(SolutionProperties) = preSolution
		HideSolutionNode = FALSE
	EndGlobalSection
	GlobalSection(ExtensibilityGlobals) = postSolution
		SolutionGuid = {FD90EC2D-7EA7-4DC1-BEE1-8B4170ABD8D2}
	EndGlobalSection
EndGlobal
