
Microsoft Visual Studio Solution File, Format Version 12.00
# Visual Studio Version 16
VisualStudioVersion = 16.0.31515.178
MinimumVisualStudioVersion = 10.0.40219.1
Project("{FAE04EC0-301F-11D3-BF4B-00C04F79EFBC}") = "ConsoleApp17", "ConsoleApp17\ConsoleApp17.csproj", "{BE459E74-D402-4B79-BEE0-29AF5920C1CA}"
EndProject
Global
	GlobalSection(SolutionConfigurationPlatforms) = preSolution
		Debug|Any CPU = Debug|Any CPU
		Release|Any CPU = Release|Any CPU
	EndGlobalSection
	GlobalSection(ProjectConfigurationPlatforms) = postSolution
		{BE459E74-D402-4B79-BEE0-29AF5920C1CA}.Debug|Any CPU.ActiveCfg = Debug|Any CPU
		{BE459E74-D402-4B79-BEE0-29AF5920C1CA}.Debug|Any CPU.Build.0 = Debug|Any CPU
		{BE459E74-D402-4B79-BEE0-29AF5920C1CA}.Release|Any CPU.ActiveCfg = Release|Any CPU
		{BE459E74-D402-4B79-BEE0-29AF5920C1CA}.Release|Any CPU.Build.0 = Release|Any CPU
	EndGlobalSection
	GlobalSection(SolutionProperties) = preSolution
		HideSolutionNode = FALSE
	EndGlobalSection
	GlobalSection(ExtensibilityGlobals) = postSolution
		SolutionGuid = {BA2A3C56-ACA7-42A2-B711-D2F3982297DA}
	EndGlobalSection
EndGlobal
