
Microsoft Visual Studio Solution File, Format Version 12.00
# Visual Studio Version 16
VisualStudioVersion = 16.0.32106.194
MinimumVisualStudioVersion = 10.0.40219.1
Project("{FAE04EC0-301F-11D3-BF4B-00C04F79EFBC}") = "CPWebApplication", "КР_WebApplication\CPWebApplication.csproj", "{F8466402-4624-40F3-A2DB-FE6BAC3E730C}"
EndProject
Global
	GlobalSection(SolutionConfigurationPlatforms) = preSolution
		Debug|Any CPU = Debug|Any CPU
		Release|Any CPU = Release|Any CPU
	EndGlobalSection
	GlobalSection(ProjectConfigurationPlatforms) = postSolution
		{F8466402-4624-40F3-A2DB-FE6BAC3E730C}.Debug|Any CPU.ActiveCfg = Debug|Any CPU
		{F8466402-4624-40F3-A2DB-FE6BAC3E730C}.Debug|Any CPU.Build.0 = Debug|Any CPU
		{F8466402-4624-40F3-A2DB-FE6BAC3E730C}.Release|Any CPU.ActiveCfg = Release|Any CPU
		{F8466402-4624-40F3-A2DB-FE6BAC3E730C}.Release|Any CPU.Build.0 = Release|Any CPU
	EndGlobalSection
	GlobalSection(SolutionProperties) = preSolution
		HideSolutionNode = FALSE
	EndGlobalSection
	GlobalSection(ExtensibilityGlobals) = postSolution
		SolutionGuid = {7A47373B-ECE2-42C2-BE84-8489FB7EAFEE}
	EndGlobalSection
EndGlobal
